<?xml version="1.0" encoding="UTF-8" standalone="yes" ?>
<CodeBlocks_project_file>
	<FileVersion major="1" minor="6" />
	<Project>
		<Option title="bibleedit-desktop" />
		<Option makefile_is_custom="1" />
		<Option execution_dir="../src" />
		<Option pch_mode="2" />
		<Option compiler="gcc" />
		<Build>
			<Target title="Debug">
				<Option output="../src/bibledit-desktop" prefix_auto="1" extension_auto="1" />
				<Option working_dir="../src" />
				<Option object_output="obj/Debug/" />
				<Option type="0" />
				<Option compiler="gcc" />
				<Option parameters="--debug" />
				<Compiler>
					<Add option="-g" />
				</Compiler>
				<MakeCommands>
					<Build command="$make -j 8 -f $makefile" />
					<CompileFile command="$make -f $makefile $file" />
					<Clean command="$make -j 8 -f $makefile clean" />
					<DistClean command="$make -f $makefile distclean$target" />
					<AskRebuildNeeded command="$make -q -j 8 -f $makefile" />
					<SilentBuild command="$make -j 8 -f $makefile &gt; $(CMD_NULL)" />
				</MakeCommands>
			</Target>
			<Target title="Release">
				<Option output="bin/Release/bibleedit-desktop" prefix_auto="1" extension_auto="1" />
				<Option object_output="obj/Release/" />
				<Option type="1" />
				<Option compiler="gcc" />
				<Compiler>
					<Add option="-O2" />
				</Compiler>
				<Linker>
					<Add option="-s" />
				</Linker>
				<MakeCommands>
					<Build command="$make -f $makefile" />
					<CompileFile command="$make -f $makefile $file" />
					<Clean command="$make -f $makefile clean" />
					<DistClean command="$make -f $makefile distclean$target" />
					<AskRebuildNeeded command="$make -q -f $makefile" />
					<SilentBuild command="$make -f $makefile &gt; $(CMD_NULL)" />
				</MakeCommands>
			</Target>
		</Build>
		<Compiler>
			<Add option="-Wall" />
		</Compiler>
		<Unit filename="../config.h" />
		<Unit filename="../git/bibledit-git.cpp" />
		<Unit filename="../git/bibledit-git.h" />
		<Unit filename="../shutdown/bibledit-shutdown.cpp" />
		<Unit filename="../shutdown/bibledit-shutdown.h" />
		<Unit filename="../src/assistantbackup.cpp" />
		<Unit filename="../src/assistantbackup.h" />
		<Unit filename="../src/assistantchanges.cpp" />
		<Unit filename="../src/assistantchanges.h" />
		<Unit filename="../src/assistantdeletekeyterms.cpp" />
		<Unit filename="../src/assistantdeletekeyterms.h" />
		<Unit filename="../src/assistantexport.cpp" />
		<Unit filename="../src/assistantexport.h" />
		<Unit filename="../src/assistantimport.cpp" />
		<Unit filename="../src/assistantimport.h" />
		<Unit filename="../src/assistantremoterepository.cpp" />
		<Unit filename="../src/assistantremoterepository.h" />
		<Unit filename="../src/assistantresource.cpp" />
		<Unit filename="../src/assistantresource.h" />
		<Unit filename="../src/assistantrestore.cpp" />
		<Unit filename="../src/assistantrestore.h" />
		<Unit filename="../src/assistants.cpp" />
		<Unit filename="../src/assistants.h" />
		<Unit filename="../src/backup.cpp" />
		<Unit filename="../src/backup.h" />
		<Unit filename="../src/bible.cpp" />
		<Unit filename="../src/bible.h" />
		<Unit filename="../src/biblebookchapterverse.cpp" />
		<Unit filename="../src/biblebookchapterverse.h" />
		<Unit filename="../src/bibledit-rdwrt.cpp" />
		<Unit filename="../src/bibledit.cpp" />
		<Unit filename="../src/biblenotes.cpp" />
		<Unit filename="../src/biblenotes.h" />
		<Unit filename="../src/bibletime.cpp" />
		<Unit filename="../src/bibletime.h" />
		<Unit filename="../src/bibleworks.cpp" />
		<Unit filename="../src/bibleworks.h" />
		<Unit filename="../src/bookdata.cpp" />
		<Unit filename="../src/bookdata.h" />
		<Unit filename="../src/books.cpp" />
		<Unit filename="../src/books.h" />
		<Unit filename="../src/categorize.cpp" />
		<Unit filename="../src/categorize.h" />
		<Unit filename="../src/chapterview.cpp" />
		<Unit filename="../src/chapterview.h" />
		<Unit filename="../src/check_capitalization.cpp" />
		<Unit filename="../src/check_capitalization.h" />
		<Unit filename="../src/check_chapters_verses.cpp" />
		<Unit filename="../src/check_chapters_verses.h" />
		<Unit filename="../src/check_compare_usfm.cpp" />
		<Unit filename="../src/check_compare_usfm.h" />
		<Unit filename="../src/check_count_characters.cpp" />
		<Unit filename="../src/check_count_characters.h" />
		<Unit filename="../src/check_count_usfms.cpp" />
		<Unit filename="../src/check_count_usfms.h" />
		<Unit filename="../src/check_count_words.cpp" />
		<Unit filename="../src/check_count_words.h" />
		<Unit filename="../src/check_markers_spacing.cpp" />
		<Unit filename="../src/check_markers_spacing.h" />
		<Unit filename="../src/check_matching_pairs.cpp" />
		<Unit filename="../src/check_matching_pairs.h" />
		<Unit filename="../src/check_parallel_passages.cpp" />
		<Unit filename="../src/check_parallel_passages.h" />
		<Unit filename="../src/check_ref_inventory.cpp" />
		<Unit filename="../src/check_ref_inventory.h" />
		<Unit filename="../src/check_repetition.cpp" />
		<Unit filename="../src/check_repetition.h" />
		<Unit filename="../src/check_sentence_structure.cpp" />
		<Unit filename="../src/check_sentence_structure.h" />
		<Unit filename="../src/check_unwanted_patterns.cpp" />
		<Unit filename="../src/check_unwanted_patterns.h" />
		<Unit filename="../src/check_unwanted_words.cpp" />
		<Unit filename="../src/check_unwanted_words.h" />
		<Unit filename="../src/check_validate_refs.cpp" />
		<Unit filename="../src/check_validate_refs.h" />
		<Unit filename="../src/check_validate_usfm.cpp" />
		<Unit filename="../src/check_validate_usfm.h" />
		<Unit filename="../src/checks.cpp" />
		<Unit filename="../src/checks.h" />
		<Unit filename="../src/clean.cpp" />
		<Unit filename="../src/clean.h" />
		<Unit filename="../src/color.cpp" />
		<Unit filename="../src/color.h" />
		<Unit filename="../src/combobox.cpp" />
		<Unit filename="../src/combobox.h" />
		<Unit filename="../src/compareutils.cpp" />
		<Unit filename="../src/compareutils.h" />
		<Unit filename="../src/completion.cpp" />
		<Unit filename="../src/completion.h" />
		<Unit filename="../src/compress.cpp" />
		<Unit filename="../src/compress.h" />
		<Unit filename="../src/concordance.cpp" />
		<Unit filename="../src/concordance.h" />
		<Unit filename="../src/config.xml.cpp" />
		<Unit filename="../src/config.xml.h" />
		<Unit filename="../src/constants.h" />
		<Unit filename="../src/convert.cpp" />
		<Unit filename="../src/convert.h" />
		<Unit filename="../src/crossrefs.cpp" />
		<Unit filename="../src/crossrefs.h" />
		<Unit filename="../src/date_time_utils.cpp" />
		<Unit filename="../src/date_time_utils.h" />
		<Unit filename="../src/debug.h" />
		<Unit filename="../src/dialogarea.cpp" />
		<Unit filename="../src/dialogarea.h" />
		<Unit filename="../src/dialogbook.cpp" />
		<Unit filename="../src/dialogbook.h" />
		<Unit filename="../src/dialogbooknames.cpp" />
		<Unit filename="../src/dialogbooknames.h" />
		<Unit filename="../src/dialogbulkspelling.cpp" />
		<Unit filename="../src/dialogbulkspelling.h" />
		<Unit filename="../src/dialogchapternumber.cpp" />
		<Unit filename="../src/dialogchapternumber.h" />
		<Unit filename="../src/dialogcheck.cpp" />
		<Unit filename="../src/dialogcheck.h" />
		<Unit filename="../src/dialogcheckbutton.cpp" />
		<Unit filename="../src/dialogcheckbutton.h" />
		<Unit filename="../src/dialogcompare.cpp" />
		<Unit filename="../src/dialogcompare.h" />
		<Unit filename="../src/dialogcompareprefs.cpp" />
		<Unit filename="../src/dialogcompareprefs.h" />
		<Unit filename="../src/dialogdate.cpp" />
		<Unit filename="../src/dialogdate.h" />
		<Unit filename="../src/dialogdictionary.cpp" />
		<Unit filename="../src/dialogdictionary.h" />
		<Unit filename="../src/dialogeditdictionary.cpp" />
		<Unit filename="../src/dialogeditdictionary.h" />
		<Unit filename="../src/dialogeditlist.cpp" />
		<Unit filename="../src/dialogeditlist.h" />
		<Unit filename="../src/dialogeditnote.cpp" />
		<Unit filename="../src/dialogeditnote.h" />
		<Unit filename="../src/dialogeditstatus.cpp" />
		<Unit filename="../src/dialogeditstatus.h" />
		<Unit filename="../src/dialogentry.cpp" />
		<Unit filename="../src/dialogentry.h" />
		<Unit filename="../src/dialogentry3.cpp" />
		<Unit filename="../src/dialogentry3.h" />
		<Unit filename="../src/dialogfilters.cpp" />
		<Unit filename="../src/dialogfilters.h" />
		<Unit filename="../src/dialogfindnote.cpp" />
		<Unit filename="../src/dialogfindnote.h" />
		<Unit filename="../src/dialogfixmarkers.cpp" />
		<Unit filename="../src/dialogfixmarkers.h" />
		<Unit filename="../src/dialogfontcolor.cpp" />
		<Unit filename="../src/dialogfontcolor.h" />
		<Unit filename="../src/dialoggotoreference.cpp" />
		<Unit filename="../src/dialoggotoreference.h" />
		<Unit filename="../src/dialoggui.cpp" />
		<Unit filename="../src/dialoggui.h" />
		<Unit filename="../src/dialogimportnotes.cpp" />
		<Unit filename="../src/dialogimportnotes.h" />
		<Unit filename="../src/dialoginsertnote.cpp" />
		<Unit filename="../src/dialoginsertnote.h" />
		<Unit filename="../src/dialoginserttable.cpp" />
		<Unit filename="../src/dialoginserttable.h" />
		<Unit filename="../src/dialoglistview.cpp" />
		<Unit filename="../src/dialoglistview.h" />
		<Unit filename="../src/dialoglistviewm.cpp" />
		<Unit filename="../src/dialoglistviewm.h" />
		<Unit filename="../src/dialogmaintenance.cpp" />
		<Unit filename="../src/dialogmaintenance.h" />
		<Unit filename="../src/dialogmerge.cpp" />
		<Unit filename="../src/dialogmerge.h" />
		<Unit filename="../src/dialogmychecks.cpp" />
		<Unit filename="../src/dialogmychecks.h" />
		<Unit filename="../src/dialognewstylesheet.cpp" />
		<Unit filename="../src/dialognewstylesheet.h" />
		<Unit filename="../src/dialognotes.cpp" />
		<Unit filename="../src/dialognotes.h" />
		<Unit filename="../src/dialognotestransfer.cpp" />
		<Unit filename="../src/dialognotestransfer.h" />
		<Unit filename="../src/dialognotesupdate.cpp" />
		<Unit filename="../src/dialognotesupdate.h" />
		<Unit filename="../src/dialogopenstylesheet.cpp" />
		<Unit filename="../src/dialogopenstylesheet.h" />
		<Unit filename="../src/dialogoriginreferences.cpp" />
		<Unit filename="../src/dialogoriginreferences.h" />
		<Unit filename="../src/dialogoutpost.cpp" />
		<Unit filename="../src/dialogoutpost.h" />
		<Unit filename="../src/dialogparallelbible.cpp" />
		<Unit filename="../src/dialogparallelbible.h" />
		<Unit filename="../src/dialogpdfviewer.cpp" />
		<Unit filename="../src/dialogpdfviewer.h" />
		<Unit filename="../src/dialogplanningedit.cpp" />
		<Unit filename="../src/dialogplanningedit.h" />
		<Unit filename="../src/dialogplanningsetup.cpp" />
		<Unit filename="../src/dialogplanningsetup.h" />
		<Unit filename="../src/dialogprintprefs.cpp" />
		<Unit filename="../src/dialogprintprefs.h" />
		<Unit filename="../src/dialogprintproject.cpp" />
		<Unit filename="../src/dialogprintproject.h" />
		<Unit filename="../src/dialogprintreferences.cpp" />
		<Unit filename="../src/dialogprintreferences.h" />
		<Unit filename="../src/dialogproject.cpp" />
		<Unit filename="../src/dialogproject.h" />
		<Unit filename="../src/dialogprojectnote.cpp" />
		<Unit filename="../src/dialogprojectnote.h" />
		<Unit filename="../src/dialogradiobutton.cpp" />
		<Unit filename="../src/dialogradiobutton.h" />
		<Unit filename="../src/dialogreferencesettings.cpp" />
		<Unit filename="../src/dialogreferencesettings.h" />
		<Unit filename="../src/dialogrefexchange.cpp" />
		<Unit filename="../src/dialogrefexchange.h" />
		<Unit filename="../src/dialogreplace.cpp" />
		<Unit filename="../src/dialogreplace.h" />
		<Unit filename="../src/dialogreplacing.cpp" />
		<Unit filename="../src/dialogreplacing.h" />
		<Unit filename="../src/dialogresourceconverter.cpp" />
		<Unit filename="../src/dialogresourceconverter.h" />
		<Unit filename="../src/dialogrevert.cpp" />
		<Unit filename="../src/dialogrevert.h" />
		<Unit filename="../src/dialogreviewanchors.cpp" />
		<Unit filename="../src/dialogreviewanchors.h" />
		<Unit filename="../src/dialogsearchspecial.cpp" />
		<Unit filename="../src/dialogsearchspecial.h" />
		<Unit filename="../src/dialogselectbooks.cpp" />
		<Unit filename="../src/dialogselectbooks.h" />
		<Unit filename="../src/dialogselectchapters.cpp" />
		<Unit filename="../src/dialogselectchapters.h" />
		<Unit filename="../src/dialogshownotes.cpp" />
		<Unit filename="../src/dialogshownotes.h" />
		<Unit filename="../src/dialogstylesheet.cpp" />
		<Unit filename="../src/dialogstylesheet.h" />
		<Unit filename="../src/dialogsystemlog.cpp" />
		<Unit filename="../src/dialogsystemlog.h" />
		<Unit filename="../src/dialogtaskduration.cpp" />
		<Unit filename="../src/dialogtaskduration.h" />
		<Unit filename="../src/dialogtext2pdf.cpp" />
		<Unit filename="../src/dialogtext2pdf.h" />
		<Unit filename="../src/dialogtextreplacement.cpp" />
		<Unit filename="../src/dialogtextreplacement.h" />
		<Unit filename="../src/dialogtidy.cpp" />
		<Unit filename="../src/dialogtidy.h" />
		<Unit filename="../src/dialogviewplanning.cpp" />
		<Unit filename="../src/dialogviewplanning.h" />
		<Unit filename="../src/dialogwait.cpp" />
		<Unit filename="../src/dialogwait.h" />
		<Unit filename="../src/dialogwordlist.cpp" />
		<Unit filename="../src/dialogwordlist.h" />
		<Unit filename="../src/dialogxetex.cpp" />
		<Unit filename="../src/dialogxetex.h" />
		<Unit filename="../src/dialogxfernotes2text.cpp" />
		<Unit filename="../src/dialogxfernotes2text.h" />
		<Unit filename="../src/dialogyesnoalways.cpp" />
		<Unit filename="../src/dialogyesnoalways.h" />
		<Unit filename="../src/directories.cpp" />
		<Unit filename="../src/directories.h" />
		<Unit filename="../src/displayprojectnotes.cpp" />
		<Unit filename="../src/displayprojectnotes.h" />
		<Unit filename="../src/editor.cpp" />
		<Unit filename="../src/editor.h" />
		<Unit filename="../src/editor_aids.cpp" />
		<Unit filename="../src/editor_aids.h" />
		<Unit filename="../src/editoractions.cpp" />
		<Unit filename="../src/editoractions.h" />
		<Unit filename="../src/export_translation_notes.cpp" />
		<Unit filename="../src/export_translation_notes.h" />
		<Unit filename="../src/export_utils.cpp" />
		<Unit filename="../src/export_utils.h" />
		<Unit filename="../src/fixmarkers.cpp" />
		<Unit filename="../src/fixmarkers.h" />
		<Unit filename="../src/floatingwindow.cpp" />
		<Unit filename="../src/floatingwindow.h" />
		<Unit filename="../src/generalconfig.cpp" />
		<Unit filename="../src/generalconfig.h" />
		<Unit filename="../src/git-exec.cpp" />
		<Unit filename="../src/git-exec.h" />
		<Unit filename="../src/git.cpp" />
		<Unit filename="../src/git.h" />
		<Unit filename="../src/greek.cpp" />
		<Unit filename="../src/greek.h" />
		<Unit filename="../src/gtkwrappers.cpp" />
		<Unit filename="../src/gtkwrappers.h" />
		<Unit filename="../src/gui.cpp" />
		<Unit filename="../src/gui.h" />
		<Unit filename="../src/gui_display_changes.cpp" />
		<Unit filename="../src/gui_display_changes.h" />
		<Unit filename="../src/gui_features.cpp" />
		<Unit filename="../src/gui_features.h" />
		<Unit filename="../src/gui_navigation.cpp" />
		<Unit filename="../src/gui_navigation.h" />
		<Unit filename="../src/guiselectbibles.cpp" />
		<Unit filename="../src/guiselectbibles.h" />
		<Unit filename="../src/guiselectproject.cpp" />
		<Unit filename="../src/guiselectproject.h" />
		<Unit filename="../src/gwrappers.cpp" />
		<Unit filename="../src/gwrappers.h" />
		<Unit filename="../src/help.cpp" />
		<Unit filename="../src/help.h" />
		<Unit filename="../src/highlight.cpp" />
		<Unit filename="../src/highlight.h" />
		<Unit filename="../src/html.cpp" />
		<Unit filename="../src/html.h" />
		<Unit filename="../src/htmlbrowser.cpp" />
		<Unit filename="../src/htmlbrowser.h" />
		<Unit filename="../src/htmlwriter.cpp" />
		<Unit filename="../src/htmlwriter.h" />
		<Unit filename="../src/htmlwriter2.cpp" />
		<Unit filename="../src/htmlwriter2.h" />
		<Unit filename="../src/httpd.cpp" />
		<Unit filename="../src/httpd.h" />
		<Unit filename="../src/hyphenate.cpp" />
		<Unit filename="../src/hyphenate.h" />
		<Unit filename="../src/import.cpp" />
		<Unit filename="../src/import.h" />
		<Unit filename="../src/java.cpp" />
		<Unit filename="../src/java.h" />
		<Unit filename="../src/keyboard.cpp" />
		<Unit filename="../src/keyboard.h" />
		<Unit filename="../src/keyterms.cpp" />
		<Unit filename="../src/keyterms.h" />
		<Unit filename="../src/kjv.cpp" />
		<Unit filename="../src/kjv.h" />
		<Unit filename="../src/layout.cpp" />
		<Unit filename="../src/layout.h" />
		<Unit filename="../src/libraries.h" />
		<Unit filename="../src/listview.cpp" />
		<Unit filename="../src/listview.h" />
		<Unit filename="../src/localizedbooks.cpp" />
		<Unit filename="../src/localizedbooks.h" />
		<Unit filename="../src/localizednumerals.cpp" />
		<Unit filename="../src/localizednumerals.h" />
		<Unit filename="../src/maintenance.cpp" />
		<Unit filename="../src/maintenance.h" />
		<Unit filename="../src/mainwindow.cpp" />
		<Unit filename="../src/mainwindow.h" />
		<Unit filename="../src/mapping.cpp" />
		<Unit filename="../src/mapping.h" />
		<Unit filename="../src/mappings.cpp" />
		<Unit filename="../src/mappings.h" />
		<Unit filename="../src/mechonmamre.cpp" />
		<Unit filename="../src/mechonmamre.h" />
		<Unit filename="../src/merge_utils.cpp" />
		<Unit filename="../src/merge_utils.h" />
		<Unit filename="../src/morphology.cpp" />
		<Unit filename="../src/morphology.h" />
		<Unit filename="../src/myfnmatch.c">
			<Option compilerVar="CC" />
		</Unit>
		<Unit filename="../src/myfnmatch.h" />
		<Unit filename="../src/nanohttp.cpp" />
		<Unit filename="../src/nanohttp.h" />
		<Unit filename="../src/note_editor.cpp" />
		<Unit filename="../src/note_editor.h" />
		<Unit filename="../src/notecaller.cpp" />
		<Unit filename="../src/notecaller.h" />
		<Unit filename="../src/notes_utils.cpp" />
		<Unit filename="../src/notes_utils.h" />
		<Unit filename="../src/notetemplate.cpp" />
		<Unit filename="../src/notetemplate.h" />
		<Unit filename="../src/odtnotes.cpp" />
		<Unit filename="../src/odtnotes.h" />
		<Unit filename="../src/odtutils.cpp" />
		<Unit filename="../src/odtutils.h" />
		<Unit filename="../src/onlinebible.cpp" />
		<Unit filename="../src/onlinebible.h" />
		<Unit filename="../src/opendocument.cpp" />
		<Unit filename="../src/opendocument.h" />
		<Unit filename="../src/options.cpp" />
		<Unit filename="../src/options.h" />
		<Unit filename="../src/originreferences.cpp" />
		<Unit filename="../src/originreferences.h" />
		<Unit filename="../src/osis.cpp" />
		<Unit filename="../src/osis.h" />
		<Unit filename="../src/ot-nt-parallels.cpp" />
		<Unit filename="../src/ot-nt-parallels.h" />
		<Unit filename="../src/ot-quotations.cpp" />
		<Unit filename="../src/ot-quotations.h" />
		<Unit filename="../src/outline.cpp" />
		<Unit filename="../src/outline.h" />
		<Unit filename="../src/paper.cpp" />
		<Unit filename="../src/paper.h" />
		<Unit filename="../src/parallel_passages.cpp" />
		<Unit filename="../src/parallel_passages.h" />
		<Unit filename="../src/paratext.cpp" />
		<Unit filename="../src/paratext.h" />
		<Unit filename="../src/password.cpp" />
		<Unit filename="../src/password.h" />
		<Unit filename="../src/pdfviewer.cpp" />
		<Unit filename="../src/pdfviewer.h" />
		<Unit filename="../src/planning.cpp" />
		<Unit filename="../src/planning.h" />
		<Unit filename="../src/portion_utils.cpp" />
		<Unit filename="../src/portion_utils.h" />
		<Unit filename="../src/print_parallel_bible.cpp" />
		<Unit filename="../src/print_parallel_bible.h" />
		<Unit filename="../src/print_parallel_references.cpp" />
		<Unit filename="../src/print_parallel_references.h" />
		<Unit filename="../src/printproject.cpp" />
		<Unit filename="../src/printproject.h" />
		<Unit filename="../src/printproject2.cpp" />
		<Unit filename="../src/printproject2.h" />
		<Unit filename="../src/progresswindow.cpp" />
		<Unit filename="../src/progresswindow.h" />
		<Unit filename="../src/project_memory.cpp" />
		<Unit filename="../src/project_memory.h" />
		<Unit filename="../src/projectconfig.cpp" />
		<Unit filename="../src/projectconfig.h" />
		<Unit filename="../src/projectutils.cpp" />
		<Unit filename="../src/projectutils.h" />
		<Unit filename="../src/rc4.c">
			<Option compilerVar="CC" />
		</Unit>
		<Unit filename="../src/rc4.h" />
		<Unit filename="../src/readwrite.cpp" />
		<Unit filename="../src/readwrite.h" />
		<Unit filename="../src/reference.cpp" />
		<Unit filename="../src/reference.h" />
		<Unit filename="../src/referencebibles.cpp" />
		<Unit filename="../src/referencebibles.h" />
		<Unit filename="../src/referencememory.cpp" />
		<Unit filename="../src/referencememory.h" />
		<Unit filename="../src/referenceutils.cpp" />
		<Unit filename="../src/referenceutils.h" />
		<Unit filename="../src/reporting.cpp" />
		<Unit filename="../src/reporting.h" />
		<Unit filename="../src/resource.cpp" />
		<Unit filename="../src/resource.h" />
		<Unit filename="../src/resource_conversion_utils.cpp" />
		<Unit filename="../src/resource_conversion_utils.h" />
		<Unit filename="../src/resource_utils.cpp" />
		<Unit filename="../src/resource_utils.h" />
		<Unit filename="../src/restore.cpp" />
		<Unit filename="../src/restore.h" />
		<Unit filename="../src/robinson.cpp" />
		<Unit filename="../src/robinson.h" />
		<Unit filename="../src/roman.cpp" />
		<Unit filename="../src/roman.h" />
		<Unit filename="../src/runtime.cpp" />
		<Unit filename="../src/runtime.h" />
		<Unit filename="../src/screen.cpp" />
		<Unit filename="../src/screen.h" />
		<Unit filename="../src/scripts.cpp" />
		<Unit filename="../src/scripts.h" />
		<Unit filename="../src/scripturechecks.cpp" />
		<Unit filename="../src/scripturechecks.h" />
		<Unit filename="../src/scriptureportions.cpp" />
		<Unit filename="../src/scriptureportions.h" />
		<Unit filename="../src/search_utils.cpp" />
		<Unit filename="../src/search_utils.h" />
		<Unit filename="../src/session.cpp" />
		<Unit filename="../src/session.h" />
		<Unit filename="../src/session_highlights.cpp" />
		<Unit filename="../src/session_highlights.h" />
		<Unit filename="../src/settings.cpp" />
		<Unit filename="../src/settings.h" />
		<Unit filename="../src/shell.cpp" />
		<Unit filename="../src/shell.h" />
		<Unit filename="../src/shortcuts.cpp" />
		<Unit filename="../src/shortcuts.h" />
		<Unit filename="../src/snapshots.cpp" />
		<Unit filename="../src/snapshots.h" />
		<Unit filename="../src/spelling.cpp" />
		<Unit filename="../src/spelling.h" />
		<Unit filename="../src/sqlite_reader.cpp" />
		<Unit filename="../src/sqlite_reader.h" />
		<Unit filename="../src/startup.cpp" />
		<Unit filename="../src/startup.h" />
		<Unit filename="../src/statistics.cpp" />
		<Unit filename="../src/statistics.h" />
		<Unit filename="../src/style.cpp" />
		<Unit filename="../src/style.h" />
		<Unit filename="../src/styles.cpp" />
		<Unit filename="../src/styles.h" />
		<Unit filename="../src/stylesheet.cpp" />
		<Unit filename="../src/stylesheet.h" />
		<Unit filename="../src/stylesheetutils.cpp" />
		<Unit filename="../src/stylesheetutils.h" />
		<Unit filename="../src/swordnote.cpp" />
		<Unit filename="../src/swordnote.h" />
		<Unit filename="../src/temporal.cpp" />
		<Unit filename="../src/temporal.h" />
		<Unit filename="../src/testbed2.cpp" />
		<Unit filename="../src/text2pdf.cpp" />
		<Unit filename="../src/text2pdf.h" />
		<Unit filename="../src/text2pdf_area.cpp" />
		<Unit filename="../src/text2pdf_area.h" />
		<Unit filename="../src/text2pdf_big_block.cpp" />
		<Unit filename="../src/text2pdf_big_block.h" />
		<Unit filename="../src/text2pdf_block.cpp" />
		<Unit filename="../src/text2pdf_block.h" />
		<Unit filename="../src/text2pdf_input.cpp" />
		<Unit filename="../src/text2pdf_input.h" />
		<Unit filename="../src/text2pdf_intermediate.cpp" />
		<Unit filename="../src/text2pdf_intermediate.h" />
		<Unit filename="../src/text2pdf_layout.cpp" />
		<Unit filename="../src/text2pdf_layout.h" />
		<Unit filename="../src/text2pdf_page.cpp" />
		<Unit filename="../src/text2pdf_page.h" />
		<Unit filename="../src/text2pdf_ref_area.cpp" />
		<Unit filename="../src/text2pdf_ref_area.h" />
		<Unit filename="../src/text2pdf_utils.cpp" />
		<Unit filename="../src/text2pdf_utils.h" />
		<Unit filename="../src/textreplacement.cpp" />
		<Unit filename="../src/textreplacement.h" />
		<Unit filename="../src/textviewer.cpp" />
		<Unit filename="../src/textviewer.h" />
		<Unit filename="../src/tidy.cpp" />
		<Unit filename="../src/tidy.h" />
		<Unit filename="../src/tiny_utilities.cpp" />
		<Unit filename="../src/tiny_utilities.h" />
		<Unit filename="../src/track.cpp" />
		<Unit filename="../src/track.h" />
		<Unit filename="../src/types.h" />
		<Unit filename="../src/uname.cpp" />
		<Unit filename="../src/uname.h" />
		<Unit filename="../src/unixwrappers.cpp" />
		<Unit filename="../src/unixwrappers.h" />
		<Unit filename="../src/upgrade.cpp" />
		<Unit filename="../src/upgrade.h" />
		<Unit filename="../src/urltransport.cpp" />
		<Unit filename="../src/urltransport.h" />
		<Unit filename="../src/usfm-inline-markers.cpp" />
		<Unit filename="../src/usfm-inline-markers.h" />
		<Unit filename="../src/usfm.cpp" />
		<Unit filename="../src/usfm.h" />
		<Unit filename="../src/usfm2osis.cpp" />
		<Unit filename="../src/usfm2osis.h" />
		<Unit filename="../src/usfm2text.cpp" />
		<Unit filename="../src/usfm2text.h" />
		<Unit filename="../src/usfm2xetex.cpp" />
		<Unit filename="../src/usfm2xetex.h" />
		<Unit filename="../src/usfm2xslfo_utils.cpp" />
		<Unit filename="../src/usfm2xslfo_utils.h" />
		<Unit filename="../src/usfmstandard.cpp" />
		<Unit filename="../src/usfmstandard.h" />
		<Unit filename="../src/usfmtools.cpp" />
		<Unit filename="../src/usfmtools.h" />
		<Unit filename="../src/usfmview.cpp" />
		<Unit filename="../src/usfmview.h" />
		<Unit filename="../src/ustring.h" />
		<Unit filename="../src/utilities.cpp" />
		<Unit filename="../src/utilities.h" />
		<Unit filename="../src/vcs.cpp" />
		<Unit filename="../src/vcs.h" />
		<Unit filename="../src/versification.cpp" />
		<Unit filename="../src/versification.h" />
		<Unit filename="../src/versifications.cpp" />
		<Unit filename="../src/versifications.h" />
		<Unit filename="../src/webkitbrowser.cpp" />
		<Unit filename="../src/webkitbrowser.h" />
		<Unit filename="../src/widgetdate.cpp" />
		<Unit filename="../src/widgetdate.h" />
		<Unit filename="../src/windowcheckkeyterms.cpp" />
		<Unit filename="../src/windowcheckkeyterms.h" />
		<Unit filename="../src/windowcheckusfm.cpp" />
		<Unit filename="../src/windowcheckusfm.h" />
		<Unit filename="../src/windowdata.cpp" />
		<Unit filename="../src/windowdata.h" />
		<Unit filename="../src/windoweditor.cpp" />
		<Unit filename="../src/windoweditor.h" />
		<Unit filename="../src/windowmerge.cpp" />
		<Unit filename="../src/windowmerge.h" />
		<Unit filename="../src/windownotes.cpp" />
		<Unit filename="../src/windownotes.h" />
		<Unit filename="../src/windowoutline.cpp" />
		<Unit filename="../src/windowoutline.h" />
		<Unit filename="../src/windowreferences.cpp" />
		<Unit filename="../src/windowreferences.h" />
		<Unit filename="../src/windowresource.cpp" />
		<Unit filename="../src/windowresource.h" />
		<Unit filename="../src/windowshowrelatedverses.cpp" />
		<Unit filename="../src/windowshowrelatedverses.h" />
		<Unit filename="../src/windowsoutpost.cpp" />
		<Unit filename="../src/windowsoutpost.h" />
		<Unit filename="../src/windowstyles.cpp" />
		<Unit filename="../src/windowstyles.h" />
		<Unit filename="../src/windowtabbed.cpp" />
		<Unit filename="../src/windowtabbed.h" />
		<Unit filename="../src/windowtimednotifier.cpp" />
		<Unit filename="../src/windowtimednotifier.h" />
		<Unit filename="../src/wordlist.cpp" />
		<Unit filename="../src/wordlist.h" />
		<Unit filename="../src/xetex.cpp" />
		<Unit filename="../src/xetex.h" />
		<Unit filename="../src/xetex2pdf.cpp" />
		<Unit filename="../src/xetex2pdf.h" />
		<Unit filename="../src/xmlfo-utils.cpp" />
		<Unit filename="../src/xmlfo-utils.h" />
		<Unit filename="../src/xmlutils.cpp" />
		<Unit filename="../src/xmlutils.h" />
		<Unit filename="../src/xslfofootnoteparagraph.cpp" />
		<Unit filename="../src/xslfofootnoteparagraph.h" />
		<Unit filename="../windows/bibleworksole.cpp" />
		<Extensions>
			<code_completion />
			<debugger />
		</Extensions>
	</Project>
</CodeBlocks_project_file>
